PODS:
  - Apple-Cocoapod-KochavaCore (6.1.1)
  - Apple-Cocoapod-KochavaTracker (6.1.1):
    - Apple-Cocoapod-KochavaCore (~> 6.1.1)
  - AppLovinSDK (13.5.1)
  - OpenTelemetrySwiftApi (1.6.0)
  - RiveRuntime (5.10.0)
  - Skillz (2025.1.349):
    - Apple-Cocoapod-KochavaTracker (= 6.1.1)
    - AppLovinSDK (= 13.5.1)
    - OpenTelemetrySwiftApi (= 1.6.0)
    - RiveRuntime (= 5.10.0)

DEPENDENCIES:
  - Skillz

SPEC REPOS:
  trunk:
    - Apple-Cocoapod-KochavaCore
    - Apple-Cocoapod-KochavaTracker
    - AppLovinSDK
    - OpenTelemetrySwiftApi
    - RiveRuntime
    - Skillz

SPEC CHECKSUMS:
  Apple-Cocoapod-KochavaCore: b0255a5cd156e70e8b9ba20d57ef779d7490e9c2
  Apple-Cocoapod-KochavaTracker: 2210a65088070f5775e1a625664efdbd8e114856
  AppLovinSDK: 8d9af6c7617e4d35b38aa8393a3e9d161a74b230
  OpenTelemetrySwiftApi: 657da8071c2908caecce11548e006f779924ff9c
  RiveRuntime: a859cd24f1100d924a5229567228063dd8a19a93
  Skillz: a62887b0955fac04cc0d76f883e90500ed9e2b16

PODFILE CHECKSUM: acd7b9cfe6a66bd8866bd74594db803c8e272ae6

COCOAPODS: 1.16.2
